
Microsoft Visual Studio Solution File, Format Version 12.00
# Visual Studio Version 16
VisualStudioVersion = 16.0.32228.343
MinimumVisualStudioVersion = 10.0.40219.1
Project("{FAE04EC0-301F-11D3-BF4B-00C04F79EFBC}") = "AuthApp", "AuthApp\AuthApp.csproj", "{D94E82A9-0C68-486A-9242-5DF3A2238AB6}"
EndProject
Global
	GlobalSection(SolutionConfigurationPlatforms) = preSolution
		Debug|Any CPU = Debug|Any CPU
		Release|Any CPU = Release|Any CPU
	EndGlobalSection
	GlobalSection(ProjectConfigurationPlatforms) = postSolution
		{D94E82A9-0C68-486A-9242-5DF3A2238AB6}.Debug|Any CPU.ActiveCfg = Debug|Any CPU
		{D94E82A9-0C68-486A-9242-5DF3A2238AB6}.Debug|Any CPU.Build.0 = Debug|Any CPU
		{D94E82A9-0C68-486A-9242-5DF3A2238AB6}.Release|Any CPU.ActiveCfg = Release|Any CPU
		{D94E82A9-0C68-486A-9242-5DF3A2238AB6}.Release|Any CPU.Build.0 = Release|Any CPU
	EndGlobalSection
	GlobalSection(SolutionProperties) = preSolution
		HideSolutionNode = FALSE
	EndGlobalSection
	GlobalSection(ExtensibilityGlobals) = postSolution
		SolutionGuid = {96132E03-F193-4C3D-A6DB-F54757CA7267}
	EndGlobalSection
EndGlobal
