
Microsoft Visual Studio Solution File, Format Version 12.00
# Visual Studio Version 16
VisualStudioVersion = 16.0.32228.343
MinimumVisualStudioVersion = 10.0.40219.1
Project("{FAE04EC0-301F-11D3-BF4B-00C04F79EFBC}") = "TolchokApp", "TolchokApp\TolchokApp.csproj", "{6147704E-0C64-4B2E-8FB1-2E6BF779F944}"
EndProject
Global
	GlobalSection(SolutionConfigurationPlatforms) = preSolution
		Debug|Any CPU = Debug|Any CPU
		Release|Any CPU = Release|Any CPU
	EndGlobalSection
	GlobalSection(ProjectConfigurationPlatforms) = postSolution
		{6147704E-0C64-4B2E-8FB1-2E6BF779F944}.Debug|Any CPU.ActiveCfg = Debug|Any CPU
		{6147704E-0C64-4B2E-8FB1-2E6BF779F944}.Debug|Any CPU.Build.0 = Debug|Any CPU
		{6147704E-0C64-4B2E-8FB1-2E6BF779F944}.Release|Any CPU.ActiveCfg = Release|Any CPU
		{6147704E-0C64-4B2E-8FB1-2E6BF779F944}.Release|Any CPU.Build.0 = Release|Any CPU
	EndGlobalSection
	GlobalSection(SolutionProperties) = preSolution
		HideSolutionNode = FALSE
	EndGlobalSection
	GlobalSection(ExtensibilityGlobals) = postSolution
		SolutionGuid = {0F8297DB-2708-4047-9AE5-6ABCA240C1C9}
	EndGlobalSection
EndGlobal
